// !$*UTF8*$!
{
	archiveVersion = 1;
	classes = {
	};
	objectVersion = 46;
	objects = {

/* Begin PBXBuildFile section */
		86A090351DBD5A720046EF4D /* ViewController.swift in Sources */ = {isa = PBXBuildFile; fileRef = FFD2F9B81BD1101A00F54057 /* ViewController.swift */; };
		86A090851DBD5B4D0046EF4D /* NVActivityIndicatorAnimationAudioEqualizer.swift in Sources */ = {isa = PBXBuildFile; fileRef = 86A0905E1DBD5B4D0046EF4D /* NVActivityIndicatorAnimationAudioEqualizer.swift */; };
		86A090861DBD5B4D0046EF4D /* NVActivityIndicatorAnimationBallBeat.swift in Sources */ = {isa = PBXBuildFile; fileRef = 86A0905F1DBD5B4D0046EF4D /* NVActivityIndicatorAnimationBallBeat.swift */; };
		86A090871DBD5B4D0046EF4D /* NVActivityIndicatorAnimationBallClipRotate.swift in Sources */ = {isa = PBXBuildFile; fileRef = 86A090601DBD5B4D0046EF4D /* NVActivityIndicatorAnimationBallClipRotate.swift */; };
		86A090881DBD5B4D0046EF4D /* NVActivityIndicatorAnimationBallClipRotateMultiple.swift in Sources */ = {isa = PBXBuildFile; fileRef = 86A090611DBD5B4D0046EF4D /* NVActivityIndicatorAnimationBallClipRotateMultiple.swift */; };
		86A090891DBD5B4D0046EF4D /* NVActivityIndicatorAnimationBallClipRotatePulse.swift in Sources */ = {isa = PBXBuildFile; fileRef = 86A090621DBD5B4D0046EF4D /* NVActivityIndicatorAnimationBallClipRotatePulse.swift */; };
		86A0908A1DBD5B4D0046EF4D /* NVActivityIndicatorAnimationBallGridBeat.swift in Sources */ = {isa = PBXBuildFile; fileRef = 86A090631DBD5B4D0046EF4D /* NVActivityIndicatorAnimationBallGridBeat.swift */; };
		86A0908B1DBD5B4D0046EF4D /* NVActivityIndicatorAnimationBallGridPulse.swift in Sources */ = {isa = PBXBuildFile; fileRef = 86A090641DBD5B4D0046EF4D /* NVActivityIndicatorAnimationBallGridPulse.swift */; };
		86A0908C1DBD5B4D0046EF4D /* NVActivityIndicatorAnimationBallPulse.swift in Sources */ = {isa = PBXBuildFile; fileRef = 86A090651DBD5B4D0046EF4D /* NVActivityIndicatorAnimationBallPulse.swift */; };
		86A0908D1DBD5B4D0046EF4D /* NVActivityIndicatorAnimationBallPulseRise.swift in Sources */ = {isa = PBXBuildFile; fileRef = 86A090661DBD5B4D0046EF4D /* NVActivityIndicatorAnimationBallPulseRise.swift */; };
		86A0908E1DBD5B4D0046EF4D /* NVActivityIndicatorAnimationBallPulseSync.swift in Sources */ = {isa = PBXBuildFile; fileRef = 86A090671DBD5B4D0046EF4D /* NVActivityIndicatorAnimationBallPulseSync.swift */; };
		86A0908F1DBD5B4D0046EF4D /* NVActivityIndicatorAnimationBallRotate.swift in Sources */ = {isa = PBXBuildFile; fileRef = 86A090681DBD5B4D0046EF4D /* NVActivityIndicatorAnimationBallRotate.swift */; };
		86A090901DBD5B4D0046EF4D /* NVActivityIndicatorAnimationBallRotateChase.swift in Sources */ = {isa = PBXBuildFile; fileRef = 86A090691DBD5B4D0046EF4D /* NVActivityIndicatorAnimationBallRotateChase.swift */; };
		86A090911DBD5B4D0046EF4D /* NVActivityIndicatorAnimationBallScale.swift in Sources */ = {isa = PBXBuildFile; fileRef = 86A0906A1DBD5B4D0046EF4D /* NVActivityIndicatorAnimationBallScale.swift */; };
		86A090921DBD5B4D0046EF4D /* NVActivityIndicatorAnimationBallScaleMultiple.swift in Sources */ = {isa = PBXBuildFile; fileRef = 86A0906B1DBD5B4D0046EF4D /* NVActivityIndicatorAnimationBallScaleMultiple.swift */; };
		86A090931DBD5B4D0046EF4D /* NVActivityIndicatorAnimationBallScaleRipple.swift in Sources */ = {isa = PBXBuildFile; fileRef = 86A0906C1DBD5B4D0046EF4D /* NVActivityIndicatorAnimationBallScaleRipple.swift */; };
		86A090941DBD5B4D0046EF4D /* NVActivityIndicatorAnimationBallScaleRippleMultiple.swift in Sources */ = {isa = PBXBuildFile; fileRef = 86A0906D1DBD5B4D0046EF4D /* NVActivityIndicatorAnimationBallScaleRippleMultiple.swift */; };
		86A090951DBD5B4D0046EF4D /* NVActivityIndicatorAnimationBallSpinFadeLoader.swift in Sources */ = {isa = PBXBuildFile; fileRef = 86A0906E1DBD5B4D0046EF4D /* NVActivityIndicatorAnimationBallSpinFadeLoader.swift */; };
		86A090961DBD5B4D0046EF4D /* NVActivityIndicatorAnimationBallTrianglePath.swift in Sources */ = {isa = PBXBuildFile; fileRef = 86A0906F1DBD5B4D0046EF4D /* NVActivityIndicatorAnimationBallTrianglePath.swift */; };
		86A090971DBD5B4D0046EF4D /* NVActivityIndicatorAnimationBallZigZag.swift in Sources */ = {isa = PBXBuildFile; fileRef = 86A090701DBD5B4D0046EF4D /* NVActivityIndicatorAnimationBallZigZag.swift */; };
		86A090981DBD5B4D0046EF4D /* NVActivityIndicatorAnimationBallZigZagDeflect.swift in Sources */ = {isa = PBXBuildFile; fileRef = 86A090711DBD5B4D0046EF4D /* NVActivityIndicatorAnimationBallZigZagDeflect.swift */; };
		86A090991DBD5B4D0046EF4D /* NVActivityIndicatorAnimationBlank.swift in Sources */ = {isa = PBXBuildFile; fileRef = 86A090721DBD5B4D0046EF4D /* NVActivityIndicatorAnimationBlank.swift */; };
		86A0909A1DBD5B4D0046EF4D /* NVActivityIndicatorAnimationCubeTransition.swift in Sources */ = {isa = PBXBuildFile; fileRef = 86A090731DBD5B4D0046EF4D /* NVActivityIndicatorAnimationCubeTransition.swift */; };
		86A0909B1DBD5B4D0046EF4D /* NVActivityIndicatorAnimationLineScale.swift in Sources */ = {isa = PBXBuildFile; fileRef = 86A090741DBD5B4D0046EF4D /* NVActivityIndicatorAnimationLineScale.swift */; };
		86A0909C1DBD5B4D0046EF4D /* NVActivityIndicatorAnimationLineScaleParty.swift in Sources */ = {isa = PBXBuildFile; fileRef = 86A090751DBD5B4D0046EF4D /* NVActivityIndicatorAnimationLineScaleParty.swift */; };
		86A0909D1DBD5B4D0046EF4D /* NVActivityIndicatorAnimationLineScalePulseOut.swift in Sources */ = {isa = PBXBuildFile; fileRef = 86A090761DBD5B4D0046EF4D /* NVActivityIndicatorAnimationLineScalePulseOut.swift */; };
		86A0909E1DBD5B4D0046EF4D /* NVActivityIndicatorAnimationLineScalePulseOutRapid.swift in Sources */ = {isa = PBXBuildFile; fileRef = 86A090771DBD5B4D0046EF4D /* NVActivityIndicatorAnimationLineScalePulseOutRapid.swift */; };
		86A0909F1DBD5B4D0046EF4D /* NVActivityIndicatorAnimationLineSpinFadeLoader.swift in Sources */ = {isa = PBXBuildFile; fileRef = 86A090781DBD5B4D0046EF4D /* NVActivityIndicatorAnimationLineSpinFadeLoader.swift */; };
		86A090A01DBD5B4D0046EF4D /* NVActivityIndicatorAnimationOrbit.swift in Sources */ = {isa = PBXBuildFile; fileRef = 86A090791DBD5B4D0046EF4D /* NVActivityIndicatorAnimationOrbit.swift */; };
		86A090A11DBD5B4D0046EF4D /* NVActivityIndicatorAnimationPacman.swift in Sources */ = {isa = PBXBuildFile; fileRef = 86A0907A1DBD5B4D0046EF4D /* NVActivityIndicatorAnimationPacman.swift */; };
		86A090A21DBD5B4D0046EF4D /* NVActivityIndicatorAnimationSemiCircleSpin.swift in Sources */ = {isa = PBXBuildFile; fileRef = 86A0907B1DBD5B4D0046EF4D /* NVActivityIndicatorAnimationSemiCircleSpin.swift */; };
		86A090A31DBD5B4D0046EF4D /* NVActivityIndicatorAnimationSquareSpin.swift in Sources */ = {isa = PBXBuildFile; fileRef = 86A0907C1DBD5B4D0046EF4D /* NVActivityIndicatorAnimationSquareSpin.swift */; };
		86A090A41DBD5B4D0046EF4D /* NVActivityIndicatorAnimationTriangleSkewSpin.swift in Sources */ = {isa = PBXBuildFile; fileRef = 86A0907D1DBD5B4D0046EF4D /* NVActivityIndicatorAnimationTriangleSkewSpin.swift */; };
		86A090A51DBD5B4D0046EF4D /* Info.plist in Resources */ = {isa = PBXBuildFile; fileRef = 86A0907E1DBD5B4D0046EF4D /* Info.plist */; };
		86A090A61DBD5B4D0046EF4D /* NVActivityIndicatorAnimationDelegate.swift in Sources */ = {isa = PBXBuildFile; fileRef = 86A0907F1DBD5B4D0046EF4D /* NVActivityIndicatorAnimationDelegate.swift */; };
		86A090A71DBD5B4D0046EF4D /* NVActivityIndicatorPresenter.swift in Sources */ = {isa = PBXBuildFile; fileRef = 86A090801DBD5B4D0046EF4D /* NVActivityIndicatorPresenter.swift */; };
		86A090A81DBD5B4D0046EF4D /* NVActivityIndicatorShape.swift in Sources */ = {isa = PBXBuildFile; fileRef = 86A090811DBD5B4D0046EF4D /* NVActivityIndicatorShape.swift */; };
		86A090A91DBD5B4D0046EF4D /* NVActivityIndicatorView.swift in Sources */ = {isa = PBXBuildFile; fileRef = 86A090831DBD5B4D0046EF4D /* NVActivityIndicatorView.swift */; };
		86A090AA1DBD5B4D0046EF4D /* NVActivityIndicatorViewable.swift in Sources */ = {isa = PBXBuildFile; fileRef = 86A090841DBD5B4D0046EF4D /* NVActivityIndicatorViewable.swift */; };
		86A090AC1DBD5BA10046EF4D /* icon.png in Resources */ = {isa = PBXBuildFile; fileRef = 86A090AB1DBD5BA10046EF4D /* icon.png */; };
		86A090AD1DBD5C030046EF4D /* Main.storyboard in Resources */ = {isa = PBXBuildFile; fileRef = FFD2F9BA1BD1101A00F54057 /* Main.storyboard */; };
		86A090AE1DBD5C090046EF4D /* LaunchScreen.storyboard in Resources */ = {isa = PBXBuildFile; fileRef = FFD2F9BF1BD1101A00F54057 /* LaunchScreen.storyboard */; };
		FFD2F9B71BD1101A00F54057 /* AppDelegate.swift in Sources */ = {isa = PBXBuildFile; fileRef = FFD2F9B61BD1101A00F54057 /* AppDelegate.swift */; };
		FFD2F9BE1BD1101A00F54057 /* Assets.xcassets in Resources */ = {isa = PBXBuildFile; fileRef = FFD2F9BD1BD1101A00F54057 /* Assets.xcassets */; };
/* End PBXBuildFile section */

/* Begin PBXFileReference section */
		86A0905E1DBD5B4D0046EF4D /* NVActivityIndicatorAnimationAudioEqualizer.swift */ = {isa = PBXFileReference; fileEncoding = 4; lastKnownFileType = sourcecode.swift; path = NVActivityIndicatorAnimationAudioEqualizer.swift; sourceTree = "<group>"; };
		86A0905F1DBD5B4D0046EF4D /* NVActivityIndicatorAnimationBallBeat.swift */ = {isa = PBXFileReference; fileEncoding = 4; lastKnownFileType = sourcecode.swift; path = NVActivityIndicatorAnimationBallBeat.swift; sourceTree = "<group>"; };
		86A090601DBD5B4D0046EF4D /* NVActivityIndicatorAnimationBallClipRotate.swift */ = {isa = PBXFileReference; fileEncoding = 4; lastKnownFileType = sourcecode.swift; path = NVActivityIndicatorAnimationBallClipRotate.swift; sourceTree = "<group>"; };
		86A090611DBD5B4D0046EF4D /* NVActivityIndicatorAnimationBallClipRotateMultiple.swift */ = {isa = PBXFileReference; fileEncoding = 4; lastKnownFileType = sourcecode.swift; path = NVActivityIndicatorAnimationBallClipRotateMultiple.swift; sourceTree = "<group>"; };
		86A090621DBD5B4D0046EF4D /* NVActivityIndicatorAnimationBallClipRotatePulse.swift */ = {isa = PBXFileReference; fileEncoding = 4; lastKnownFileType = sourcecode.swift; path = NVActivityIndicatorAnimationBallClipRotatePulse.swift; sourceTree = "<group>"; };
		86A090631DBD5B4D0046EF4D /* NVActivityIndicatorAnimationBallGridBeat.swift */ = {isa = PBXFileReference; fileEncoding = 4; lastKnownFileType = sourcecode.swift; path = NVActivityIndicatorAnimationBallGridBeat.swift; sourceTree = "<group>"; };
		86A090641DBD5B4D0046EF4D /* NVActivityIndicatorAnimationBallGridPulse.swift */ = {isa = PBXFileReference; fileEncoding = 4; lastKnownFileType = sourcecode.swift; path = NVActivityIndicatorAnimationBallGridPulse.swift; sourceTree = "<group>"; };
		86A090651DBD5B4D0046EF4D /* NVActivityIndicatorAnimationBallPulse.swift */ = {isa = PBXFileReference; fileEncoding = 4; lastKnownFileType = sourcecode.swift; path = NVActivityIndicatorAnimationBallPulse.swift; sourceTree = "<group>"; };
		86A090661DBD5B4D0046EF4D /* NVActivityIndicatorAnimationBallPulseRise.swift */ = {isa = PBXFileReference; fileEncoding = 4; lastKnownFileType = sourcecode.swift; path = NVActivityIndicatorAnimationBallPulseRise.swift; sourceTree = "<group>"; };
		86A090671DBD5B4D0046EF4D /* NVActivityIndicatorAnimationBallPulseSync.swift */ = {isa = PBXFileReference; fileEncoding = 4; lastKnownFileType = sourcecode.swift; path = NVActivityIndicatorAnimationBallPulseSync.swift; sourceTree = "<group>"; };
		86A090681DBD5B4D0046EF4D /* NVActivityIndicatorAnimationBallRotate.swift */ = {isa = PBXFileReference; fileEncoding = 4; lastKnownFileType = sourcecode.swift; path = NVActivityIndicatorAnimationBallRotate.swift; sourceTree = "<group>"; };
		86A090691DBD5B4D0046EF4D /* NVActivityIndicatorAnimationBallRotateChase.swift */ = {isa = PBXFileReference; fileEncoding = 4; lastKnownFileType = sourcecode.swift; path = NVActivityIndicatorAnimationBallRotateChase.swift; sourceTree = "<group>"; };
		86A0906A1DBD5B4D0046EF4D /* NVActivityIndicatorAnimationBallScale.swift */ = {isa = PBXFileReference; fileEncoding = 4; lastKnownFileType = sourcecode.swift; path = NVActivityIndicatorAnimationBallScale.swift; sourceTree = "<group>"; };
		86A0906B1DBD5B4D0046EF4D /* NVActivityIndicatorAnimationBallScaleMultiple.swift */ = {isa = PBXFileReference; fileEncoding = 4; lastKnownFileType = sourcecode.swift; path = NVActivityIndicatorAnimationBallScaleMultiple.swift; sourceTree = "<group>"; };
		86A0906C1DBD5B4D0046EF4D /* NVActivityIndicatorAnimationBallScaleRipple.swift */ = {isa = PBXFileReference; fileEncoding = 4; lastKnownFileType = sourcecode.swift; path = NVActivityIndicatorAnimationBallScaleRipple.swift; sourceTree = "<group>"; };
		86A0906D1DBD5B4D0046EF4D /* NVActivityIndicatorAnimationBallScaleRippleMultiple.swift */ = {isa = PBXFileReference; fileEncoding = 4; lastKnownFileType = sourcecode.swift; path = NVActivityIndicatorAnimationBallScaleRippleMultiple.swift; sourceTree = "<group>"; };
		86A0906E1DBD5B4D0046EF4D /* NVActivityIndicatorAnimationBallSpinFadeLoader.swift */ = {isa = PBXFileReference; fileEncoding = 4; lastKnownFileType = sourcecode.swift; path = NVActivityIndicatorAnimationBallSpinFadeLoader.swift; sourceTree = "<group>"; };
		86A0906F1DBD5B4D0046EF4D /* NVActivityIndicatorAnimationBallTrianglePath.swift */ = {isa = PBXFileReference; fileEncoding = 4; lastKnownFileType = sourcecode.swift; path = NVActivityIndicatorAnimationBallTrianglePath.swift; sourceTree = "<group>"; };
		86A090701DBD5B4D0046EF4D /* NVActivityIndicatorAnimationBallZigZag.swift */ = {isa = PBXFileReference; fileEncoding = 4; lastKnownFileType = sourcecode.swift; path = NVActivityIndicatorAnimationBallZigZag.swift; sourceTree = "<group>"; };
		86A090711DBD5B4D0046EF4D /* NVActivityIndicatorAnimationBallZigZagDeflect.swift */ = {isa = PBXFileReference; fileEncoding = 4; lastKnownFileType = sourcecode.swift; path = NVActivityIndicatorAnimationBallZigZagDeflect.swift; sourceTree = "<group>"; };
		86A090721DBD5B4D0046EF4D /* NVActivityIndicatorAnimationBlank.swift */ = {isa = PBXFileReference; fileEncoding = 4; lastKnownFileType = sourcecode.swift; path = NVActivityIndicatorAnimationBlank.swift; sourceTree = "<group>"; };
		86A090731DBD5B4D0046EF4D /* NVActivityIndicatorAnimationCubeTransition.swift */ = {isa = PBXFileReference; fileEncoding = 4; lastKnownFileType = sourcecode.swift; path = NVActivityIndicatorAnimationCubeTransition.swift; sourceTree = "<group>"; };
		86A090741DBD5B4D0046EF4D /* NVActivityIndicatorAnimationLineScale.swift */ = {isa = PBXFileReference; fileEncoding = 4; lastKnownFileType = sourcecode.swift; path = NVActivityIndicatorAnimationLineScale.swift; sourceTree = "<group>"; };
		86A090751DBD5B4D0046EF4D /* NVActivityIndicatorAnimationLineScaleParty.swift */ = {isa = PBXFileReference; fileEncoding = 4; lastKnownFileType = sourcecode.swift; path = NVActivityIndicatorAnimationLineScaleParty.swift; sourceTree = "<group>"; };
		86A090761DBD5B4D0046EF4D /* NVActivityIndicatorAnimationLineScalePulseOut.swift */ = {isa = PBXFileReference; fileEncoding = 4; lastKnownFileType = sourcecode.swift; path = NVActivityIndicatorAnimationLineScalePulseOut.swift; sourceTree = "<group>"; };
		86A090771DBD5B4D0046EF4D /* NVActivityIndicatorAnimationLineScalePulseOutRapid.swift */ = {isa = PBXFileReference; fileEncoding = 4; lastKnownFileType = sourcecode.swift; path = NVActivityIndicatorAnimationLineScalePulseOutRapid.swift; sourceTree = "<group>"; };
		86A090781DBD5B4D0046EF4D /* NVActivityIndicatorAnimationLineSpinFadeLoader.swift */ = {isa = PBXFileReference; fileEncoding = 4; lastKnownFileType = sourcecode.swift; path = NVActivityIndicatorAnimationLineSpinFadeLoader.swift; sourceTree = "<group>"; };
		86A090791DBD5B4D0046EF4D /* NVActivityIndicatorAnimationOrbit.swift */ = {isa = PBXFileReference; fileEncoding = 4; lastKnownFileType = sourcecode.swift; path = NVActivityIndicatorAnimationOrbit.swift; sourceTree = "<group>"; };
		86A0907A1DBD5B4D0046EF4D /* NVActivityIndicatorAnimationPacman.swift */ = {isa = PBXFileReference; fileEncoding = 4; lastKnownFileType = sourcecode.swift; path = NVActivityIndicatorAnimationPacman.swift; sourceTree = "<group>"; };
		86A0907B1DBD5B4D0046EF4D /* NVActivityIndicatorAnimationSemiCircleSpin.swift */ = {isa = PBXFileReference; fileEncoding = 4; lastKnownFileType = sourcecode.swift; path = NVActivityIndicatorAnimationSemiCircleSpin.swift; sourceTree = "<group>"; };
		86A0907C1DBD5B4D0046EF4D /* NVActivityIndicatorAnimationSquareSpin.swift */ = {isa = PBXFileReference; fileEncoding = 4; lastKnownFileType = sourcecode.swift; path = NVActivityIndicatorAnimationSquareSpin.swift; sourceTree = "<group>"; };
		86A0907D1DBD5B4D0046EF4D /* NVActivityIndicatorAnimationTriangleSkewSpin.swift */ = {isa = PBXFileReference; fileEncoding = 4; lastKnownFileType = sourcecode.swift; path = NVActivityIndicatorAnimationTriangleSkewSpin.swift; sourceTree = "<group>"; };
		86A0907E1DBD5B4D0046EF4D /* Info.plist */ = {isa = PBXFileReference; fileEncoding = 4; lastKnownFileType = text.plist.xml; path = Info.plist; sourceTree = "<group>"; };
		86A0907F1DBD5B4D0046EF4D /* NVActivityIndicatorAnimationDelegate.swift */ = {isa = PBXFileReference; fileEncoding = 4; lastKnownFileType = sourcecode.swift; path = NVActivityIndicatorAnimationDelegate.swift; sourceTree = "<group>"; };
		86A090801DBD5B4D0046EF4D /* NVActivityIndicatorPresenter.swift */ = {isa = PBXFileReference; fileEncoding = 4; lastKnownFileType = sourcecode.swift; path = NVActivityIndicatorPresenter.swift; sourceTree = "<group>"; };
		86A090811DBD5B4D0046EF4D /* NVActivityIndicatorShape.swift */ = {isa = PBXFileReference; fileEncoding = 4; lastKnownFileType = sourcecode.swift; path = NVActivityIndicatorShape.swift; sourceTree = "<group>"; };
		86A090821DBD5B4D0046EF4D /* NVActivityIndicatorView.h */ = {isa = PBXFileReference; fileEncoding = 4; lastKnownFileType = sourcecode.c.h; path = NVActivityIndicatorView.h; sourceTree = "<group>"; };
		86A090831DBD5B4D0046EF4D /* NVActivityIndicatorView.swift */ = {isa = PBXFileReference; fileEncoding = 4; lastKnownFileType = sourcecode.swift; path = NVActivityIndicatorView.swift; sourceTree = "<group>"; };
		86A090841DBD5B4D0046EF4D /* NVActivityIndicatorViewable.swift */ = {isa = PBXFileReference; fileEncoding = 4; lastKnownFileType = sourcecode.swift; path = NVActivityIndicatorViewable.swift; sourceTree = "<group>"; };
		86A090AB1DBD5BA10046EF4D /* icon.png */ = {isa = PBXFileReference; lastKnownFileType = image.png; path = icon.png; sourceTree = "<group>"; };
		FFD2F9B31BD1101A00F54057 /* Translate.app */ = {isa = PBXFileReference; explicitFileType = wrapper.application; includeInIndex = 0; path = Translate.app; sourceTree = BUILT_PRODUCTS_DIR; };
		FFD2F9B61BD1101A00F54057 /* AppDelegate.swift */ = {isa = PBXFileReference; lastKnownFileType = sourcecode.swift; path = AppDelegate.swift; sourceTree = "<group>"; };
		FFD2F9B81BD1101A00F54057 /* ViewController.swift */ = {isa = PBXFileReference; lastKnownFileType = sourcecode.swift; path = ViewController.swift; sourceTree = "<group>"; };
		FFD2F9BB1BD1101A00F54057 /* Base */ = {isa = PBXFileReference; lastKnownFileType = file.storyboard; name = Base; path = Base.lproj/Main.storyboard; sourceTree = "<group>"; };
		FFD2F9BD1BD1101A00F54057 /* Assets.xcassets */ = {isa = PBXFileReference; lastKnownFileType = folder.assetcatalog; path = Assets.xcassets; sourceTree = "<group>"; };
		FFD2F9C01BD1101A00F54057 /* Base */ = {isa = PBXFileReference; lastKnownFileType = file.storyboard; name = Base; path = Base.lproj/LaunchScreen.storyboard; sourceTree = "<group>"; };
		FFD2F9C21BD1101A00F54057 /* Info.plist */ = {isa = PBXFileReference; lastKnownFileType = text.plist.xml; path = Info.plist; sourceTree = "<group>"; };
/* End PBXFileReference section */

/* Begin PBXFrameworksBuildPhase section */
		FFD2F9B01BD1101A00F54057 /* Frameworks */ = {
			isa = PBXFrameworksBuildPhase;
			buildActionMask = 2147483647;
			files = (
			);
			runOnlyForDeploymentPostprocessing = 0;
		};
/* End PBXFrameworksBuildPhase section */

/* Begin PBXGroup section */
		86A0905C1DBD5B4D0046EF4D /* NVActivityIndicatorView */ = {
			isa = PBXGroup;
			children = (
				86A090AB1DBD5BA10046EF4D /* icon.png */,
				86A0905D1DBD5B4D0046EF4D /* Animations */,
				86A0907E1DBD5B4D0046EF4D /* Info.plist */,
				86A0907F1DBD5B4D0046EF4D /* NVActivityIndicatorAnimationDelegate.swift */,
				86A090801DBD5B4D0046EF4D /* NVActivityIndicatorPresenter.swift */,
				86A090811DBD5B4D0046EF4D /* NVActivityIndicatorShape.swift */,
				86A090821DBD5B4D0046EF4D /* NVActivityIndicatorView.h */,
				86A090831DBD5B4D0046EF4D /* NVActivityIndicatorView.swift */,
				86A090841DBD5B4D0046EF4D /* NVActivityIndicatorViewable.swift */,
			);
			path = NVActivityIndicatorView;
			sourceTree = "<group>";
		};
		86A0905D1DBD5B4D0046EF4D /* Animations */ = {
			isa = PBXGroup;
			children = (
				86A0905E1DBD5B4D0046EF4D /* NVActivityIndicatorAnimationAudioEqualizer.swift */,
				86A0905F1DBD5B4D0046EF4D /* NVActivityIndicatorAnimationBallBeat.swift */,
				86A090601DBD5B4D0046EF4D /* NVActivityIndicatorAnimationBallClipRotate.swift */,
				86A090611DBD5B4D0046EF4D /* NVActivityIndicatorAnimationBallClipRotateMultiple.swift */,
				86A090621DBD5B4D0046EF4D /* NVActivityIndicatorAnimationBallClipRotatePulse.swift */,
				86A090631DBD5B4D0046EF4D /* NVActivityIndicatorAnimationBallGridBeat.swift */,
				86A090641DBD5B4D0046EF4D /* NVActivityIndicatorAnimationBallGridPulse.swift */,
				86A090651DBD5B4D0046EF4D /* NVActivityIndicatorAnimationBallPulse.swift */,
				86A090661DBD5B4D0046EF4D /* NVActivityIndicatorAnimationBallPulseRise.swift */,
				86A090671DBD5B4D0046EF4D /* NVActivityIndicatorAnimationBallPulseSync.swift */,
				86A090681DBD5B4D0046EF4D /* NVActivityIndicatorAnimationBallRotate.swift */,
				86A090691DBD5B4D0046EF4D /* NVActivityIndicatorAnimationBallRotateChase.swift */,
				86A0906A1DBD5B4D0046EF4D /* NVActivityIndicatorAnimationBallScale.swift */,
				86A0906B1DBD5B4D0046EF4D /* NVActivityIndicatorAnimationBallScaleMultiple.swift */,
				86A0906C1DBD5B4D0046EF4D /* NVActivityIndicatorAnimationBallScaleRipple.swift */,
				86A0906D1DBD5B4D0046EF4D /* NVActivityIndicatorAnimationBallScaleRippleMultiple.swift */,
				86A0906E1DBD5B4D0046EF4D /* NVActivityIndicatorAnimationBallSpinFadeLoader.swift */,
				86A0906F1DBD5B4D0046EF4D /* NVActivityIndicatorAnimationBallTrianglePath.swift */,
				86A090701DBD5B4D0046EF4D /* NVActivityIndicatorAnimationBallZigZag.swift */,
				86A090711DBD5B4D0046EF4D /* NVActivityIndicatorAnimationBallZigZagDeflect.swift */,
				86A090721DBD5B4D0046EF4D /* NVActivityIndicatorAnimationBlank.swift */,
				86A090731DBD5B4D0046EF4D /* NVActivityIndicatorAnimationCubeTransition.swift */,
				86A090741DBD5B4D0046EF4D /* NVActivityIndicatorAnimationLineScale.swift */,
				86A090751DBD5B4D0046EF4D /* NVActivityIndicatorAnimationLineScaleParty.swift */,
				86A090761DBD5B4D0046EF4D /* NVActivityIndicatorAnimationLineScalePulseOut.swift */,
				86A090771DBD5B4D0046EF4D /* NVActivityIndicatorAnimationLineScalePulseOutRapid.swift */,
				86A090781DBD5B4D0046EF4D /* NVActivityIndicatorAnimationLineSpinFadeLoader.swift */,
				86A090791DBD5B4D0046EF4D /* NVActivityIndicatorAnimationOrbit.swift */,
				86A0907A1DBD5B4D0046EF4D /* NVActivityIndicatorAnimationPacman.swift */,
				86A0907B1DBD5B4D0046EF4D /* NVActivityIndicatorAnimationSemiCircleSpin.swift */,
				86A0907C1DBD5B4D0046EF4D /* NVActivityIndicatorAnimationSquareSpin.swift */,
				86A0907D1DBD5B4D0046EF4D /* NVActivityIndicatorAnimationTriangleSkewSpin.swift */,
			);
			path = Animations;
			sourceTree = "<group>";
		};
		FFD2F9AA1BD1101A00F54057 = {
			isa = PBXGroup;
			children = (
				FFD2F9B51BD1101A00F54057 /* Translate */,
				FFD2F9B41BD1101A00F54057 /* Products */,
				86A0905C1DBD5B4D0046EF4D /* NVActivityIndicatorView */,
			);
			sourceTree = "<group>";
		};
		FFD2F9B41BD1101A00F54057 /* Products */ = {
			isa = PBXGroup;
			children = (
				FFD2F9B31BD1101A00F54057 /* Translate.app */,
			);
			name = Products;
			sourceTree = "<group>";
		};
		FFD2F9B51BD1101A00F54057 /* Translate */ = {
			isa = PBXGroup;
			children = (
				FFD2F9B61BD1101A00F54057 /* AppDelegate.swift */,
				FFD2F9B81BD1101A00F54057 /* ViewController.swift */,
				FFD2F9BA1BD1101A00F54057 /* Main.storyboard */,
				FFD2F9BD1BD1101A00F54057 /* Assets.xcassets */,
				FFD2F9BF1BD1101A00F54057 /* LaunchScreen.storyboard */,
				FFD2F9C21BD1101A00F54057 /* Info.plist */,
			);
			path = Translate;
			sourceTree = "<group>";
		};
/* End PBXGroup section */

/* Begin PBXNativeTarget section */
		FFD2F9B21BD1101A00F54057 /* Translate */ = {
			isa = PBXNativeTarget;
			buildConfigurationList = FFD2F9C51BD1101A00F54057 /* Build configuration list for PBXNativeTarget "Translate" */;
			buildPhases = (
				FFD2F9AF1BD1101A00F54057 /* Sources */,
				FFD2F9B01BD1101A00F54057 /* Frameworks */,
				FFD2F9B11BD1101A00F54057 /* Resources */,
			);
			buildRules = (
			);
			dependencies = (
			);
			name = Translate;
			productName = Translate;
			productReference = FFD2F9B31BD1101A00F54057 /* Translate.app */;
			productType = "com.apple.product-type.application";
		};
/* End PBXNativeTarget section */

/* Begin PBXProject section */
		FFD2F9AB1BD1101A00F54057 /* Project object */ = {
			isa = PBXProject;
			attributes = {
				LastUpgradeCheck = 0800;
				ORGANIZATIONNAME = WIT;
				TargetAttributes = {
					FFD2F9B21BD1101A00F54057 = {
						CreatedOnToolsVersion = 7.0;
						DevelopmentTeam = JF5KJ7HAA3;
						LastSwiftMigration = 0800;
					};
				};
			};
			buildConfigurationList = FFD2F9AE1BD1101A00F54057 /* Build configuration list for PBXProject "Translate" */;
			compatibilityVersion = "Xcode 3.2";
			developmentRegion = English;
			hasScannedForEncodings = 0;
			knownRegions = (
				en,
				Base,
			);
			mainGroup = FFD2F9AA1BD1101A00F54057;
			productRefGroup = FFD2F9B41BD1101A00F54057 /* Products */;
			projectDirPath = "";
			projectRoot = "";
			targets = (
				FFD2F9B21BD1101A00F54057 /* Translate */,
			);
		};
/* End PBXProject section */

/* Begin PBXResourcesBuildPhase section */
		FFD2F9B11BD1101A00F54057 /* Resources */ = {
			isa = PBXResourcesBuildPhase;
			buildActionMask = 2147483647;
			files = (
				86A090AE1DBD5C090046EF4D /* LaunchScreen.storyboard in Resources */,
				86A090AD1DBD5C030046EF4D /* Main.storyboard in Resources */,
				86A090A51DBD5B4D0046EF4D /* Info.plist in Resources */,
				FFD2F9BE1BD1101A00F54057 /* Assets.xcassets in Resources */,
				86A090AC1DBD5BA10046EF4D /* icon.png in Resources */,
			);
			runOnlyForDeploymentPostprocessing = 0;
		};
/* End PBXResourcesBuildPhase section */

/* Begin PBXSourcesBuildPhase section */
		FFD2F9AF1BD1101A00F54057 /* Sources */ = {
			isa = PBXSourcesBuildPhase;
			buildActionMask = 2147483647;
			files = (
				86A090971DBD5B4D0046EF4D /* NVActivityIndicatorAnimationBallZigZag.swift in Sources */,
				86A090911DBD5B4D0046EF4D /* NVActivityIndicatorAnimationBallScale.swift in Sources */,
				86A0908B1DBD5B4D0046EF4D /* NVActivityIndicatorAnimationBallGridPulse.swift in Sources */,
				86A090A81DBD5B4D0046EF4D /* NVActivityIndicatorShape.swift in Sources */,
				86A090891DBD5B4D0046EF4D /* NVActivityIndicatorAnimationBallClipRotatePulse.swift in Sources */,
				86A090351DBD5A720046EF4D /* ViewController.swift in Sources */,
				FFD2F9B71BD1101A00F54057 /* AppDelegate.swift in Sources */,
				86A090981DBD5B4D0046EF4D /* NVActivityIndicatorAnimationBallZigZagDeflect.swift in Sources */,
				86A090871DBD5B4D0046EF4D /* NVActivityIndicatorAnimationBallClipRotate.swift in Sources */,
				86A0908E1DBD5B4D0046EF4D /* NVActivityIndicatorAnimationBallPulseSync.swift in Sources */,
				86A090991DBD5B4D0046EF4D /* NVActivityIndicatorAnimationBlank.swift in Sources */,
				86A090A01DBD5B4D0046EF4D /* NVActivityIndicatorAnimationOrbit.swift in Sources */,
				86A090931DBD5B4D0046EF4D /* NVActivityIndicatorAnimationBallScaleRipple.swift in Sources */,
				86A0909A1DBD5B4D0046EF4D /* NVActivityIndicatorAnimationCubeTransition.swift in Sources */,
				86A090901DBD5B4D0046EF4D /* NVActivityIndicatorAnimationBallRotateChase.swift in Sources */,
				86A090951DBD5B4D0046EF4D /* NVActivityIndicatorAnimationBallSpinFadeLoader.swift in Sources */,
				86A0909D1DBD5B4D0046EF4D /* NVActivityIndicatorAnimationLineScalePulseOut.swift in Sources */,
				86A090A11DBD5B4D0046EF4D /* NVActivityIndicatorAnimationPacman.swift in Sources */,
				86A090A61DBD5B4D0046EF4D /* NVActivityIndicatorAnimationDelegate.swift in Sources */,
				86A0908A1DBD5B4D0046EF4D /* NVActivityIndicatorAnimationBallGridBeat.swift in Sources */,
				86A090AA1DBD5B4D0046EF4D /* NVActivityIndicatorViewable.swift in Sources */,
				86A0909F1DBD5B4D0046EF4D /* NVActivityIndicatorAnimationLineSpinFadeLoader.swift in Sources */,
				86A090A21DBD5B4D0046EF4D /* NVActivityIndicatorAnimationSemiCircleSpin.swift in Sources */,
				86A0908C1DBD5B4D0046EF4D /* NVActivityIndicatorAnimationBallPulse.swift in Sources */,
				86A090881DBD5B4D0046EF4D /* NVActivityIndicatorAnimationBallClipRotateMultiple.swift in Sources */,
				86A0909C1DBD5B4D0046EF4D /* NVActivityIndicatorAnimationLineScaleParty.swift in Sources */,
				86A090921DBD5B4D0046EF4D /* NVActivityIndicatorAnimationBallScaleMultiple.swift in Sources */,
				86A0908F1DBD5B4D0046EF4D /* NVActivityIndicatorAnimationBallRotate.swift in Sources */,
				86A090861DBD5B4D0046EF4D /* NVActivityIndicatorAnimationBallBeat.swift in Sources */,
				86A090A71DBD5B4D0046EF4D /* NVActivityIndicatorPresenter.swift in Sources */,
				86A0909E1DBD5B4D0046EF4D /* NVActivityIndicatorAnimationLineScalePulseOutRapid.swift in Sources */,
				86A090A31DBD5B4D0046EF4D /* NVActivityIndicatorAnimationSquareSpin.swift in Sources */,
				86A090A91DBD5B4D0046EF4D /* NVActivityIndicatorView.swift in Sources */,
				86A090851DBD5B4D0046EF4D /* NVActivityIndicatorAnimationAudioEqualizer.swift in Sources */,
				86A090961DBD5B4D0046EF4D /* NVActivityIndicatorAnimationBallTrianglePath.swift in Sources */,
				86A0909B1DBD5B4D0046EF4D /* NVActivityIndicatorAnimationLineScale.swift in Sources */,
				86A090A41DBD5B4D0046EF4D /* NVActivityIndicatorAnimationTriangleSkewSpin.swift in Sources */,
				86A0908D1DBD5B4D0046EF4D /* NVActivityIndicatorAnimationBallPulseRise.swift in Sources */,
				86A090941DBD5B4D0046EF4D /* NVActivityIndicatorAnimationBallScaleRippleMultiple.swift in Sources */,
			);
			runOnlyForDeploymentPostprocessing = 0;
		};
/* End PBXSourcesBuildPhase section */

/* Begin PBXVariantGroup section */
		FFD2F9BA1BD1101A00F54057 /* Main.storyboard */ = {
			isa = PBXVariantGroup;
			children = (
				FFD2F9BB1BD1101A00F54057 /* Base */,
			);
			name = Main.storyboard;
			sourceTree = "<group>";
		};
		FFD2F9BF1BD1101A00F54057 /* LaunchScreen.storyboard */ = {
			isa = PBXVariantGroup;
			children = (
				FFD2F9C01BD1101A00F54057 /* Base */,
			);
			name = LaunchScreen.storyboard;
			sourceTree = "<group>";
		};
/* End PBXVariantGroup section */

/* Begin XCBuildConfiguration section */
		FFD2F9C31BD1101A00F54057 /* Debug */ = {
			isa = XCBuildConfiguration;
			buildSettings = {
				ALWAYS_SEARCH_USER_PATHS = NO;
				CLANG_CXX_LANGUAGE_STANDARD = "gnu++0x";
				CLANG_CXX_LIBRARY = "libc++";
				CLANG_ENABLE_MODULES = YES;
				CLANG_ENABLE_OBJC_ARC = YES;
				CLANG_WARN_BOOL_CONVERSION = YES;
				CLANG_WARN_CONSTANT_CONVERSION = YES;
				CLANG_WARN_DIRECT_OBJC_ISA_USAGE = YES_ERROR;
				CLANG_WARN_EMPTY_BODY = YES;
				CLANG_WARN_ENUM_CONVERSION = YES;
				CLANG_WARN_INFINITE_RECURSION = YES;
				CLANG_WARN_INT_CONVERSION = YES;
				CLANG_WARN_OBJC_ROOT_CLASS = YES_ERROR;
				CLANG_WARN_SUSPICIOUS_MOVE = YES;
				CLANG_WARN_UNREACHABLE_CODE = YES;
				CLANG_WARN__DUPLICATE_METHOD_MATCH = YES;
				"CODE_SIGN_IDENTITY[sdk=iphoneos*]" = "iPhone Developer";
				COPY_PHASE_STRIP = NO;
				DEBUG_INFORMATION_FORMAT = dwarf;
				ENABLE_STRICT_OBJC_MSGSEND = YES;
				ENABLE_TESTABILITY = YES;
				GCC_C_LANGUAGE_STANDARD = gnu99;
				GCC_DYNAMIC_NO_PIC = NO;
				GCC_NO_COMMON_BLOCKS = YES;
				GCC_OPTIMIZATION_LEVEL = 0;
				GCC_PREPROCESSOR_DEFINITIONS = (
					"DEBUG=1",
					"$(inherited)",
				);
				GCC_WARN_64_TO_32_BIT_CONVERSION = YES;
				GCC_WARN_ABOUT_RETURN_TYPE = YES_ERROR;
				GCC_WARN_UNDECLARED_SELECTOR = YES;
				GCC_WARN_UNINITIALIZED_AUTOS = YES_AGGRESSIVE;
				GCC_WARN_UNUSED_FUNCTION = YES;
				GCC_WARN_UNUSED_VARIABLE = YES;
				IPHONEOS_DEPLOYMENT_TARGET = 9.0;
				MTL_ENABLE_DEBUG_INFO = YES;
				ONLY_ACTIVE_ARCH = YES;
				SDKROOT = iphoneos;
				SWIFT_OPTIMIZATION_LEVEL = "-Onone";
				TARGETED_DEVICE_FAMILY = "1,2";
			};
			name = Debug;
		};
		FFD2F9C41BD1101A00F54057 /* Release */ = {
			isa = XCBuildConfiguration;
			buildSettings = {
				ALWAYS_SEARCH_USER_PATHS = NO;
				CLANG_CXX_LANGUAGE_STANDARD = "gnu++0x";
				CLANG_CXX_LIBRARY = "libc++";
				CLANG_ENABLE_MODULES = YES;
				CLANG_ENABLE_OBJC_ARC = YES;
				CLANG_WARN_BOOL_CONVERSION = YES;
				CLANG_WARN_CONSTANT_CONVERSION = YES;
				CLANG_WARN_DIRECT_OBJC_ISA_USAGE = YES_ERROR;
				CLANG_WARN_EMPTY_BODY = YES;
				CLANG_WARN_ENUM_CONVERSION = YES;
				CLANG_WARN_INFINITE_RECURSION = YES;
				CLANG_WARN_INT_CONVERSION = YES;
				CLANG_WARN_OBJC_ROOT_CLASS = YES_ERROR;
				CLANG_WARN_SUSPICIOUS_MOVE = YES;
				CLANG_WARN_UNREACHABLE_CODE = YES;
				CLANG_WARN__DUPLICATE_METHOD_MATCH = YES;
				"CODE_SIGN_IDENTITY[sdk=iphoneos*]" = "iPhone Developer";
				COPY_PHASE_STRIP = NO;
				DEBUG_INFORMATION_FORMAT = "dwarf-with-dsym";
				ENABLE_NS_ASSERTIONS = NO;
				ENABLE_STRICT_OBJC_MSGSEND = YES;
				GCC_C_LANGUAGE_STANDARD = gnu99;
				GCC_NO_COMMON_BLOCKS = YES;
				GCC_WARN_64_TO_32_BIT_CONVERSION = YES;
				GCC_WARN_ABOUT_RETURN_TYPE = YES_ERROR;
				GCC_WARN_UNDECLARED_SELECTOR = YES;
				GCC_WARN_UNINITIALIZED_AUTOS = YES_AGGRESSIVE;
				GCC_WARN_UNUSED_FUNCTION = YES;
				GCC_WARN_UNUSED_VARIABLE = YES;
				IPHONEOS_DEPLOYMENT_TARGET = 9.0;
				MTL_ENABLE_DEBUG_INFO = NO;
				SDKROOT = iphoneos;
				SWIFT_OPTIMIZATION_LEVEL = "-Owholemodule";
				TARGETED_DEVICE_FAMILY = "1,2";
				VALIDATE_PRODUCT = YES;
			};
			name = Release;
		};
		FFD2F9C61BD1101A00F54057 /* Debug */ = {
			isa = XCBuildConfiguration;
			buildSettings = {
				ASSETCATALOG_COMPILER_APPICON_NAME = AppIcon;
				DEVELOPMENT_TEAM = JF5KJ7HAA3;
				FRAMEWORK_SEARCH_PATHS = (
					"$(inherited)",
					"$(PROJECT_DIR)",
					"$(SRCROOT)",
				);
				INFOPLIST_FILE = Translate/Info.plist;
				IPHONEOS_DEPLOYMENT_TARGET = 10.0;
				LD_RUNPATH_SEARCH_PATHS = "$(inherited) @executable_path/Frameworks";
				PRODUCT_BUNDLE_IDENTIFIER = ie.mert.translator;
				PRODUCT_NAME = "$(TARGET_NAME)";
				SWIFT_VERSION = 3.0;
			};
			name = Debug;
		};
		FFD2F9C71BD1101A00F54057 /* Release */ = {
			isa = XCBuildConfiguration;
			buildSettings = {
				ASSETCATALOG_COMPILER_APPICON_NAME = AppIcon;
				DEVELOPMENT_TEAM = JF5KJ7HAA3;
				FRAMEWORK_SEARCH_PATHS = (
					"$(inherited)",
					"$(PROJECT_DIR)",
					"$(SRCROOT)",
				);
				INFOPLIST_FILE = Translate/Info.plist;
				IPHONEOS_DEPLOYMENT_TARGET = 10.0;
				LD_RUNPATH_SEARCH_PATHS = "$(inherited) @executable_path/Frameworks";
				PRODUCT_BUNDLE_IDENTIFIER = ie.mert.translator;
				PRODUCT_NAME = "$(TARGET_NAME)";
				SWIFT_VERSION = 3.0;
			};
			name = Release;
		};
/* End XCBuildConfiguration section */

/* Begin XCConfigurationList section */
		FFD2F9AE1BD1101A00F54057 /* Build configuration list for PBXProject "Translate" */ = {
			isa = XCConfigurationList;
			buildConfigurations = (
				FFD2F9C31BD1101A00F54057 /* Debug */,
				FFD2F9C41BD1101A00F54057 /* Release */,
			);
			defaultConfigurationIsVisible = 0;
			defaultConfigurationName = Release;
		};
		FFD2F9C51BD1101A00F54057 /* Build configuration list for PBXNativeTarget "Translate" */ = {
			isa = XCConfigurationList;
			buildConfigurations = (
				FFD2F9C61BD1101A00F54057 /* Debug */,
				FFD2F9C71BD1101A00F54057 /* Release */,
			);
			defaultConfigurationIsVisible = 0;
			defaultConfigurationName = Release;
		};
/* End XCConfigurationList section */
	};
	rootObject = FFD2F9AB1BD1101A00F54057 /* Project object */;
}
